
Microsoft Visual Studio Solution File, Format Version 12.00
# Visual Studio 15
VisualStudioVersion = 15.0.28307.168
MinimumVisualStudioVersion = 10.0.40219.1
Project("{FAE04EC0-301F-11D3-BF4B-00C04F79EFBC}") = "www", "www\www.csproj", "{5E378F28-FCE5-46FB-8C33-58443580ECB4}"
EndProject
Global
	GlobalSection(SolutionConfigurationPlatforms) = preSolution
		Debug|Any CPU = Debug|Any CPU
		Release|Any CPU = Release|Any CPU
	EndGlobalSection
	GlobalSection(ProjectConfigurationPlatforms) = postSolution
		{5E378F28-FCE5-46FB-8C33-58443580ECB4}.Debug|Any CPU.ActiveCfg = Debug|Any CPU
		{5E378F28-FCE5-46FB-8C33-58443580ECB4}.Debug|Any CPU.Build.0 = Debug|Any CPU
		{5E378F28-FCE5-46FB-8C33-58443580ECB4}.Release|Any CPU.ActiveCfg = Release|Any CPU
		{5E378F28-FCE5-46FB-8C33-58443580ECB4}.Release|Any CPU.Build.0 = Release|Any CPU
	EndGlobalSection
	GlobalSection(SolutionProperties) = preSolution
		HideSolutionNode = FALSE
	EndGlobalSection
	GlobalSection(ExtensibilityGlobals) = postSolution
		SolutionGuid = {32AB3A81-CAE8-4D74-92D3-CE9F6093FE29}
	EndGlobalSection
EndGlobal
